
Microsoft Visual Studio Solution File, Format Version 12.00
# Visual Studio 14
VisualStudioVersion = 14.0.24720.0
MinimumVisualStudioVersion = 10.0.40219.1
Project("{8BB2217D-0F2D-49D1-97BC-3654ED321F3B}") = "BadMishka.GoDark", "src\BadMishka.GoDark\BadMishka.GoDark.xproj", "{8C32CDD2-4878-47CA-A593-DF7B99DBD98E}"
EndProject
Project("{8BB2217D-0F2D-49D1-97BC-3654ED321F3B}") = "BadMishka.GoDark.Tests", "test\BadMishka.GoDark.Tests\BadMishka.GoDark.Tests.xproj", "{046AB3F5-F018-4D33-87C3-CD837ACA7A39}"
EndProject
Global
	GlobalSection(SolutionConfigurationPlatforms) = preSolution
		Debug|Any CPU = Debug|Any CPU
		Release|Any CPU = Release|Any CPU
	EndGlobalSection
	GlobalSection(ProjectConfigurationPlatforms) = postSolution
		{8C32CDD2-4878-47CA-A593-DF7B99DBD98E}.Debug|Any CPU.ActiveCfg = Debug|Any CPU
		{8C32CDD2-4878-47CA-A593-DF7B99DBD98E}.Debug|Any CPU.Build.0 = Debug|Any CPU
		{8C32CDD2-4878-47CA-A593-DF7B99DBD98E}.Release|Any CPU.ActiveCfg = Release|Any CPU
		{8C32CDD2-4878-47CA-A593-DF7B99DBD98E}.Release|Any CPU.Build.0 = Release|Any CPU
		{046AB3F5-F018-4D33-87C3-CD837ACA7A39}.Debug|Any CPU.ActiveCfg = Debug|Any CPU
		{046AB3F5-F018-4D33-87C3-CD837ACA7A39}.Debug|Any CPU.Build.0 = Debug|Any CPU
		{046AB3F5-F018-4D33-87C3-CD837ACA7A39}.Release|Any CPU.ActiveCfg = Release|Any CPU
		{046AB3F5-F018-4D33-87C3-CD837ACA7A39}.Release|Any CPU.Build.0 = Release|Any CPU
	EndGlobalSection
	GlobalSection(SolutionProperties) = preSolution
		HideSolutionNode = FALSE
	EndGlobalSection
EndGlobal
